// !$*UTF8*$!
{
	archiveVersion = 1;
	classes = {
	};
	objectVersion = 46;
	objects = {

/* Begin PBXBuildFile section */
		82228D701DC7E26D00F64F54 /* LoginViewController.swift in Sources */ = {isa = PBXBuildFile; fileRef = 82228D6F1DC7E26D00F64F54 /* LoginViewController.swift */; };
		826AC1B41E32108200BF8A0F /* GCDBlackBox.swift in Sources */ = {isa = PBXBuildFile; fileRef = 826AC1B31E32108200BF8A0F /* GCDBlackBox.swift */; };
		826AC1B61E32A7D300BF8A0F /* ParseNetworking.swift in Sources */ = {isa = PBXBuildFile; fileRef = 826AC1B51E32A7D300BF8A0F /* ParseNetworking.swift */; };
		826AC1B81E32AAC500BF8A0F /* ParseClient.swift in Sources */ = {isa = PBXBuildFile; fileRef = 826AC1B71E32AAC500BF8A0F /* ParseClient.swift */; };
		8276D0211DDD0C6100E14BDA /* StudentInformation.swift in Sources */ = {isa = PBXBuildFile; fileRef = 8276D0201DDD0C6100E14BDA /* StudentInformation.swift */; };
		82A1C2CC1DD906E300D35312 /* InformationPostingViewController.swift in Sources */ = {isa = PBXBuildFile; fileRef = 82A1C2CB1DD906E300D35312 /* InformationPostingViewController.swift */; };
		82B5DFC41E3E87C000DE39C5 /* Reachability.swift in Sources */ = {isa = PBXBuildFile; fileRef = 82B5DFC31E3E87C000DE39C5 /* Reachability.swift */; };
		82B5DFC61E3E892500DE39C5 /* Alerts.swift in Sources */ = {isa = PBXBuildFile; fileRef = 82B5DFC51E3E892500DE39C5 /* Alerts.swift */; };
		82FA5B3C1E1ACEBA00C50759 /* Constants.swift in Sources */ = {isa = PBXBuildFile; fileRef = 82FA5B3B1E1ACEBA00C50759 /* Constants.swift */; };
		82FA5B471E1CEAA200C50759 /* FBSDKCoreKit.framework in Frameworks */ = {isa = PBXBuildFile; fileRef = 82FA5B431E1CEAA200C50759 /* FBSDKCoreKit.framework */; };
		82FA5B4D1E1CF5F300C50759 /* Bolts.framework in Frameworks */ = {isa = PBXBuildFile; fileRef = 82FA5B4B1E1CF5F300C50759 /* Bolts.framework */; };
		82FA5B4E1E1CF5F300C50759 /* FBSDKLoginKit.framework in Frameworks */ = {isa = PBXBuildFile; fileRef = 82FA5B4C1E1CF5F300C50759 /* FBSDKLoginKit.framework */; };
		82FEC44A1DDA529B005A3744 /* GeocodeViewController.swift in Sources */ = {isa = PBXBuildFile; fileRef = 82FEC4491DDA529B005A3744 /* GeocodeViewController.swift */; };
		A134525C1DC8A52C00111DB2 /* MapViewController.swift in Sources */ = {isa = PBXBuildFile; fileRef = A134525B1DC8A52C00111DB2 /* MapViewController.swift */; };
		A134525E1DC8A57E00111DB2 /* TableViewController.swift in Sources */ = {isa = PBXBuildFile; fileRef = A134525D1DC8A57E00111DB2 /* TableViewController.swift */; };
		A13452601DC8A60B00111DB2 /* TableViewCell.swift in Sources */ = {isa = PBXBuildFile; fileRef = A134525F1DC8A60B00111DB2 /* TableViewCell.swift */; };
		A18557E81DC7899D004A8C02 /* AppDelegate.swift in Sources */ = {isa = PBXBuildFile; fileRef = A18557E71DC7899D004A8C02 /* AppDelegate.swift */; };
		A18557ED1DC7899D004A8C02 /* Main.storyboard in Resources */ = {isa = PBXBuildFile; fileRef = A18557EB1DC7899D004A8C02 /* Main.storyboard */; };
		A18557EF1DC7899D004A8C02 /* Assets.xcassets in Resources */ = {isa = PBXBuildFile; fileRef = A18557EE1DC7899D004A8C02 /* Assets.xcassets */; };
		A18557F21DC7899D004A8C02 /* LaunchScreen.storyboard in Resources */ = {isa = PBXBuildFile; fileRef = A18557F01DC7899D004A8C02 /* LaunchScreen.storyboard */; };
/* End PBXBuildFile section */

/* Begin PBXFileReference section */
		82228D6F1DC7E26D00F64F54 /* LoginViewController.swift */ = {isa = PBXFileReference; fileEncoding = 4; lastKnownFileType = sourcecode.swift; path = LoginViewController.swift; sourceTree = "<group>"; };
		826AC1B31E32108200BF8A0F /* GCDBlackBox.swift */ = {isa = PBXFileReference; fileEncoding = 4; lastKnownFileType = sourcecode.swift; path = GCDBlackBox.swift; sourceTree = "<group>"; };
		826AC1B51E32A7D300BF8A0F /* ParseNetworking.swift */ = {isa = PBXFileReference; fileEncoding = 4; lastKnownFileType = sourcecode.swift; path = ParseNetworking.swift; sourceTree = "<group>"; };
		826AC1B71E32AAC500BF8A0F /* ParseClient.swift */ = {isa = PBXFileReference; fileEncoding = 4; lastKnownFileType = sourcecode.swift; path = ParseClient.swift; sourceTree = "<group>"; };
		8276D0201DDD0C6100E14BDA /* StudentInformation.swift */ = {isa = PBXFileReference; fileEncoding = 4; lastKnownFileType = sourcecode.swift; path = StudentInformation.swift; sourceTree = "<group>"; };
		82A1C2CB1DD906E300D35312 /* InformationPostingViewController.swift */ = {isa = PBXFileReference; fileEncoding = 4; lastKnownFileType = sourcecode.swift; path = InformationPostingViewController.swift; sourceTree = "<group>"; };
		82B5DFC31E3E87C000DE39C5 /* Reachability.swift */ = {isa = PBXFileReference; fileEncoding = 4; lastKnownFileType = sourcecode.swift; path = Reachability.swift; sourceTree = "<group>"; };
		82B5DFC51E3E892500DE39C5 /* Alerts.swift */ = {isa = PBXFileReference; fileEncoding = 4; lastKnownFileType = sourcecode.swift; path = Alerts.swift; sourceTree = "<group>"; };
		82FA5B3B1E1ACEBA00C50759 /* Constants.swift */ = {isa = PBXFileReference; fileEncoding = 4; lastKnownFileType = sourcecode.swift; path = Constants.swift; sourceTree = "<group>"; };
		82FA5B431E1CEAA200C50759 /* FBSDKCoreKit.framework */ = {isa = PBXFileReference; lastKnownFileType = wrapper.framework; name = FBSDKCoreKit.framework; path = ../../Documents/FacebookSDK/FBSDKCoreKit.framework; sourceTree = "<group>"; };
		82FA5B4A1E1CEEEC00C50759 /* Bridging-Header.h */ = {isa = PBXFileReference; lastKnownFileType = sourcecode.c.h; path = "Bridging-Header.h"; sourceTree = "<group>"; };
		82FA5B4B1E1CF5F300C50759 /* Bolts.framework */ = {isa = PBXFileReference; lastKnownFileType = wrapper.framework; name = Bolts.framework; path = ../../Documents/FacebookSDK/Bolts.framework; sourceTree = "<group>"; };
		82FA5B4C1E1CF5F300C50759 /* FBSDKLoginKit.framework */ = {isa = PBXFileReference; lastKnownFileType = wrapper.framework; name = FBSDKLoginKit.framework; path = ../../Documents/FacebookSDK/FBSDKLoginKit.framework; sourceTree = "<group>"; };
		82FEC4491DDA529B005A3744 /* GeocodeViewController.swift */ = {isa = PBXFileReference; fileEncoding = 4; lastKnownFileType = sourcecode.swift; path = GeocodeViewController.swift; sourceTree = "<group>"; };
		A134525B1DC8A52C00111DB2 /* MapViewController.swift */ = {isa = PBXFileReference; fileEncoding = 4; lastKnownFileType = sourcecode.swift; path = MapViewController.swift; sourceTree = "<group>"; };
		A134525D1DC8A57E00111DB2 /* TableViewController.swift */ = {isa = PBXFileReference; fileEncoding = 4; lastKnownFileType = sourcecode.swift; path = TableViewController.swift; sourceTree = "<group>"; };
		A134525F1DC8A60B00111DB2 /* TableViewCell.swift */ = {isa = PBXFileReference; fileEncoding = 4; lastKnownFileType = sourcecode.swift; path = TableViewCell.swift; sourceTree = "<group>"; };
		A18557E41DC7899D004A8C02 /* On the Map.app */ = {isa = PBXFileReference; explicitFileType = wrapper.application; includeInIndex = 0; path = "On the Map.app"; sourceTree = BUILT_PRODUCTS_DIR; };
		A18557E71DC7899D004A8C02 /* AppDelegate.swift */ = {isa = PBXFileReference; lastKnownFileType = sourcecode.swift; path = AppDelegate.swift; sourceTree = "<group>"; };
		A18557EC1DC7899D004A8C02 /* Base */ = {isa = PBXFileReference; lastKnownFileType = file.storyboard; name = Base; path = Base.lproj/Main.storyboard; sourceTree = "<group>"; };
		A18557EE1DC7899D004A8C02 /* Assets.xcassets */ = {isa = PBXFileReference; lastKnownFileType = folder.assetcatalog; path = Assets.xcassets; sourceTree = "<group>"; };
		A18557F11DC7899D004A8C02 /* Base */ = {isa = PBXFileReference; lastKnownFileType = file.storyboard; name = Base; path = Base.lproj/LaunchScreen.storyboard; sourceTree = "<group>"; };
		A18557F31DC7899D004A8C02 /* Info.plist */ = {isa = PBXFileReference; lastKnownFileType = text.plist.xml; path = Info.plist; sourceTree = "<group>"; };
/* End PBXFileReference section */

/* Begin PBXFrameworksBuildPhase section */
		A18557E11DC7899D004A8C02 /* Frameworks */ = {
			isa = PBXFrameworksBuildPhase;
			buildActionMask = 2147483647;
			files = (
				82FA5B4D1E1CF5F300C50759 /* Bolts.framework in Frameworks */,
				82FA5B4E1E1CF5F300C50759 /* FBSDKLoginKit.framework in Frameworks */,
				82FA5B471E1CEAA200C50759 /* FBSDKCoreKit.framework in Frameworks */,
			);
			runOnlyForDeploymentPostprocessing = 0;
		};
/* End PBXFrameworksBuildPhase section */

/* Begin PBXGroup section */
		821966541E3A939900AD4732 /* View */ = {
			isa = PBXGroup;
			children = (
				A134525F1DC8A60B00111DB2 /* TableViewCell.swift */,
				82B5DFC51E3E892500DE39C5 /* Alerts.swift */,
			);
			name = View;
			sourceTree = "<group>";
		};
		8276D0221DDD100600E14BDA /* Model */ = {
			isa = PBXGroup;
			children = (
				826AC1B71E32AAC500BF8A0F /* ParseClient.swift */,
				826AC1B51E32A7D300BF8A0F /* ParseNetworking.swift */,
				8276D0201DDD0C6100E14BDA /* StudentInformation.swift */,
			);
			name = Model;
			sourceTree = "<group>";
		};
		8276D0231DDD102200E14BDA /* Controller */ = {
			isa = PBXGroup;
			children = (
				82228D6F1DC7E26D00F64F54 /* LoginViewController.swift */,
				A134525B1DC8A52C00111DB2 /* MapViewController.swift */,
				A134525D1DC8A57E00111DB2 /* TableViewController.swift */,
				82A1C2CB1DD906E300D35312 /* InformationPostingViewController.swift */,
				82FEC4491DDA529B005A3744 /* GeocodeViewController.swift */,
			);
			name = Controller;
			sourceTree = "<group>";
		};
		8276D0241DDD104600E14BDA /* Other */ = {
			isa = PBXGroup;
			children = (
				A18557EB1DC7899D004A8C02 /* Main.storyboard */,
				A18557EE1DC7899D004A8C02 /* Assets.xcassets */,
				A18557F01DC7899D004A8C02 /* LaunchScreen.storyboard */,
				A18557F31DC7899D004A8C02 /* Info.plist */,
			);
			name = Other;
			sourceTree = "<group>";
		};
		82FA5B3D1E1CE9E800C50759 /* Frameworks */ = {
			isa = PBXGroup;
			children = (
				82FA5B4B1E1CF5F300C50759 /* Bolts.framework */,
				82FA5B4C1E1CF5F300C50759 /* FBSDKLoginKit.framework */,
				82FA5B431E1CEAA200C50759 /* FBSDKCoreKit.framework */,
			);
			name = Frameworks;
			sourceTree = "<group>";
		};
		A18557DB1DC7899D004A8C02 = {
			isa = PBXGroup;
			children = (
				A18557E61DC7899D004A8C02 /* On the Map */,
				A18557E51DC7899D004A8C02 /* Products */,
				82FA5B3D1E1CE9E800C50759 /* Frameworks */,
			);
			sourceTree = "<group>";
		};
		A18557E51DC7899D004A8C02 /* Products */ = {
			isa = PBXGroup;
			children = (
				A18557E41DC7899D004A8C02 /* On the Map.app */,
			);
			name = Products;
			sourceTree = "<group>";
		};
		A18557E61DC7899D004A8C02 /* On the Map */ = {
			isa = PBXGroup;
			children = (
				A18557E71DC7899D004A8C02 /* AppDelegate.swift */,
				82FA5B3B1E1ACEBA00C50759 /* Constants.swift */,
				826AC1B31E32108200BF8A0F /* GCDBlackBox.swift */,
				82B5DFC31E3E87C000DE39C5 /* Reachability.swift */,
				82FA5B4A1E1CEEEC00C50759 /* Bridging-Header.h */,
				8276D0221DDD100600E14BDA /* Model */,
				821966541E3A939900AD4732 /* View */,
				8276D0231DDD102200E14BDA /* Controller */,
				8276D0241DDD104600E14BDA /* Other */,
			);
			path = "On the Map";
			sourceTree = "<group>";
		};
/* End PBXGroup section */

/* Begin PBXNativeTarget section */
		A18557E31DC7899D004A8C02 /* On the Map */ = {
			isa = PBXNativeTarget;
			buildConfigurationList = A18557F61DC7899D004A8C02 /* Build configuration list for PBXNativeTarget "On the Map" */;
			buildPhases = (
				A18557E01DC7899D004A8C02 /* Sources */,
				A18557E11DC7899D004A8C02 /* Frameworks */,
				A18557E21DC7899D004A8C02 /* Resources */,
			);
			buildRules = (
			);
			dependencies = (
			);
			name = "On the Map";
			productName = "On the Map";
			productReference = A18557E41DC7899D004A8C02 /* On the Map.app */;
			productType = "com.apple.product-type.application";
		};
/* End PBXNativeTarget section */

/* Begin PBXProject section */
		A18557DC1DC7899D004A8C02 /* Project object */ = {
			isa = PBXProject;
			attributes = {
				LastSwiftUpdateCheck = 0800;
				LastUpgradeCheck = 0820;
				ORGANIZATIONNAME = "Sergey Kravtsov";
				TargetAttributes = {
					A18557E31DC7899D004A8C02 = {
						CreatedOnToolsVersion = 8.0;
						DevelopmentTeam = 9QTU947L2N;
						ProvisioningStyle = Automatic;
					};
				};
			};
			buildConfigurationList = A18557DF1DC7899D004A8C02 /* Build configuration list for PBXProject "On the Map" */;
			compatibilityVersion = "Xcode 3.2";
			developmentRegion = English;
			hasScannedForEncodings = 0;
			knownRegions = (
				en,
				Base,
			);
			mainGroup = A18557DB1DC7899D004A8C02;
			productRefGroup = A18557E51DC7899D004A8C02 /* Products */;
			projectDirPath = "";
			projectRoot = "";
			targets = (
				A18557E31DC7899D004A8C02 /* On the Map */,
			);
		};
/* End PBXProject section */

/* Begin PBXResourcesBuildPhase section */
		A18557E21DC7899D004A8C02 /* Resources */ = {
			isa = PBXResourcesBuildPhase;
			buildActionMask = 2147483647;
			files = (
				A18557F21DC7899D004A8C02 /* LaunchScreen.storyboard in Resources */,
				A18557EF1DC7899D004A8C02 /* Assets.xcassets in Resources */,
				A18557ED1DC7899D004A8C02 /* Main.storyboard in Resources */,
			);
			runOnlyForDeploymentPostprocessing = 0;
		};
/* End PBXResourcesBuildPhase section */

/* Begin PBXSourcesBuildPhase section */
		A18557E01DC7899D004A8C02 /* Sources */ = {
			isa = PBXSourcesBuildPhase;
			buildActionMask = 2147483647;
			files = (
				8276D0211DDD0C6100E14BDA /* StudentInformation.swift in Sources */,
				826AC1B61E32A7D300BF8A0F /* ParseNetworking.swift in Sources */,
				82228D701DC7E26D00F64F54 /* LoginViewController.swift in Sources */,
				A18557E81DC7899D004A8C02 /* AppDelegate.swift in Sources */,
				82FEC44A1DDA529B005A3744 /* GeocodeViewController.swift in Sources */,
				826AC1B41E32108200BF8A0F /* GCDBlackBox.swift in Sources */,
				826AC1B81E32AAC500BF8A0F /* ParseClient.swift in Sources */,
				A13452601DC8A60B00111DB2 /* TableViewCell.swift in Sources */,
				82FA5B3C1E1ACEBA00C50759 /* Constants.swift in Sources */,
				82A1C2CC1DD906E300D35312 /* InformationPostingViewController.swift in Sources */,
				A134525E1DC8A57E00111DB2 /* TableViewController.swift in Sources */,
				A134525C1DC8A52C00111DB2 /* MapViewController.swift in Sources */,
				82B5DFC61E3E892500DE39C5 /* Alerts.swift in Sources */,
				82B5DFC41E3E87C000DE39C5 /* Reachability.swift in Sources */,
			);
			runOnlyForDeploymentPostprocessing = 0;
		};
/* End PBXSourcesBuildPhase section */

/* Begin PBXVariantGroup section */
		A18557EB1DC7899D004A8C02 /* Main.storyboard */ = {
			isa = PBXVariantGroup;
			children = (
				A18557EC1DC7899D004A8C02 /* Base */,
			);
			name = Main.storyboard;
			sourceTree = "<group>";
		};
		A18557F01DC7899D004A8C02 /* LaunchScreen.storyboard */ = {
			isa = PBXVariantGroup;
			children = (
				A18557F11DC7899D004A8C02 /* Base */,
			);
			name = LaunchScreen.storyboard;
			sourceTree = "<group>";
		};
/* End PBXVariantGroup section */

/* Begin XCBuildConfiguration section */
		A18557F41DC7899D004A8C02 /* Debug */ = {
			isa = XCBuildConfiguration;
			buildSettings = {
				ALWAYS_SEARCH_USER_PATHS = NO;
				CLANG_ANALYZER_NONNULL = YES;
				CLANG_CXX_LANGUAGE_STANDARD = "gnu++0x";
				CLANG_CXX_LIBRARY = "libc++";
				CLANG_ENABLE_MODULES = YES;
				CLANG_ENABLE_OBJC_ARC = YES;
				CLANG_WARN_BOOL_CONVERSION = YES;
				CLANG_WARN_CONSTANT_CONVERSION = YES;
				CLANG_WARN_DIRECT_OBJC_ISA_USAGE = YES_ERROR;
				CLANG_WARN_DOCUMENTATION_COMMENTS = YES;
				CLANG_WARN_EMPTY_BODY = YES;
				CLANG_WARN_ENUM_CONVERSION = YES;
				CLANG_WARN_INFINITE_RECURSION = YES;
				CLANG_WARN_INT_CONVERSION = YES;
				CLANG_WARN_OBJC_ROOT_CLASS = YES_ERROR;
				CLANG_WARN_SUSPICIOUS_MOVE = YES;
				CLANG_WARN_SUSPICIOUS_MOVES = YES;
				CLANG_WARN_UNREACHABLE_CODE = YES;
				CLANG_WARN__DUPLICATE_METHOD_MATCH = YES;
				"CODE_SIGN_IDENTITY[sdk=iphoneos*]" = "iPhone Developer";
				COPY_PHASE_STRIP = NO;
				DEBUG_INFORMATION_FORMAT = dwarf;
				ENABLE_STRICT_OBJC_MSGSEND = YES;
				ENABLE_TESTABILITY = YES;
				GCC_C_LANGUAGE_STANDARD = gnu99;
				GCC_DYNAMIC_NO_PIC = NO;
				GCC_NO_COMMON_BLOCKS = YES;
				GCC_OPTIMIZATION_LEVEL = 0;
				GCC_PREPROCESSOR_DEFINITIONS = (
					"DEBUG=1",
					"$(inherited)",
				);
				GCC_WARN_64_TO_32_BIT_CONVERSION = YES;
				GCC_WARN_ABOUT_RETURN_TYPE = YES_ERROR;
				GCC_WARN_UNDECLARED_SELECTOR = YES;
				GCC_WARN_UNINITIALIZED_AUTOS = YES_AGGRESSIVE;
				GCC_WARN_UNUSED_FUNCTION = YES;
				GCC_WARN_UNUSED_VARIABLE = YES;
				IPHONEOS_DEPLOYMENT_TARGET = 10.0;
				MTL_ENABLE_DEBUG_INFO = YES;
				ONLY_ACTIVE_ARCH = YES;
				SDKROOT = iphoneos;
				SWIFT_ACTIVE_COMPILATION_CONDITIONS = DEBUG;
				SWIFT_OPTIMIZATION_LEVEL = "-Onone";
			};
			name = Debug;
		};
		A18557F51DC7899D004A8C02 /* Release */ = {
			isa = XCBuildConfiguration;
			buildSettings = {
				ALWAYS_SEARCH_USER_PATHS = NO;
				CLANG_ANALYZER_NONNULL = YES;
				CLANG_CXX_LANGUAGE_STANDARD = "gnu++0x";
				CLANG_CXX_LIBRARY = "libc++";
				CLANG_ENABLE_MODULES = YES;
				CLANG_ENABLE_OBJC_ARC = YES;
				CLANG_WARN_BOOL_CONVERSION = YES;
				CLANG_WARN_CONSTANT_CONVERSION = YES;
				CLANG_WARN_DIRECT_OBJC_ISA_USAGE = YES_ERROR;
				CLANG_WARN_DOCUMENTATION_COMMENTS = YES;
				CLANG_WARN_EMPTY_BODY = YES;
				CLANG_WARN_ENUM_CONVERSION = YES;
				CLANG_WARN_INFINITE_RECURSION = YES;
				CLANG_WARN_INT_CONVERSION = YES;
				CLANG_WARN_OBJC_ROOT_CLASS = YES_ERROR;
				CLANG_WARN_SUSPICIOUS_MOVE = YES;
				CLANG_WARN_SUSPICIOUS_MOVES = YES;
				CLANG_WARN_UNREACHABLE_CODE = YES;
				CLANG_WARN__DUPLICATE_METHOD_MATCH = YES;
				"CODE_SIGN_IDENTITY[sdk=iphoneos*]" = "iPhone Developer";
				COPY_PHASE_STRIP = NO;
				DEBUG_INFORMATION_FORMAT = "dwarf-with-dsym";
				ENABLE_NS_ASSERTIONS = NO;
				ENABLE_STRICT_OBJC_MSGSEND = YES;
				GCC_C_LANGUAGE_STANDARD = gnu99;
				GCC_NO_COMMON_BLOCKS = YES;
				GCC_WARN_64_TO_32_BIT_CONVERSION = YES;
				GCC_WARN_ABOUT_RETURN_TYPE = YES_ERROR;
				GCC_WARN_UNDECLARED_SELECTOR = YES;
				GCC_WARN_UNINITIALIZED_AUTOS = YES_AGGRESSIVE;
				GCC_WARN_UNUSED_FUNCTION = YES;
				GCC_WARN_UNUSED_VARIABLE = YES;
				IPHONEOS_DEPLOYMENT_TARGET = 10.0;
				MTL_ENABLE_DEBUG_INFO = NO;
				SDKROOT = iphoneos;
				SWIFT_OPTIMIZATION_LEVEL = "-Owholemodule";
				VALIDATE_PRODUCT = YES;
			};
			name = Release;
		};
		A18557F71DC7899D004A8C02 /* Debug */ = {
			isa = XCBuildConfiguration;
			buildSettings = {
				ASSETCATALOG_COMPILER_APPICON_NAME = AppIcon;
				"CODE_SIGN_IDENTITY[sdk=iphoneos*]" = "iPhone Developer";
				DEVELOPMENT_TEAM = 9QTU947L2N;
				FRAMEWORK_SEARCH_PATHS = (
					"$(inherited)",
					"$(PROJECT_DIR)",
				);
				"FRAMEWORK_SEARCH_PATHS[arch=*]" = "~/Documents/FacebookSDK";
				INFOPLIST_FILE = "On the Map/Info.plist";
				LD_RUNPATH_SEARCH_PATHS = "$(inherited) @executable_path/Frameworks";
				PRODUCT_BUNDLE_IDENTIFIER = "com.sergeykravtsov.On-the-Map";
				PRODUCT_NAME = "$(TARGET_NAME)";
				SWIFT_DISABLE_SAFETY_CHECKS = NO;
				SWIFT_OBJC_BRIDGING_HEADER = "$(PROJECT_DIR)/$(PROJECT_NAME)/Bridging-Header.h";
				SWIFT_VERSION = 3.0;
			};
			name = Debug;
		};
		A18557F81DC7899D004A8C02 /* Release */ = {
			isa = XCBuildConfiguration;
			buildSettings = {
				ASSETCATALOG_COMPILER_APPICON_NAME = AppIcon;
				"CODE_SIGN_IDENTITY[sdk=iphoneos*]" = "iPhone Developer";
				DEVELOPMENT_TEAM = 9QTU947L2N;
				FRAMEWORK_SEARCH_PATHS = (
					"$(inherited)",
					"$(PROJECT_DIR)",
				);
				"FRAMEWORK_SEARCH_PATHS[arch=*]" = "~/Documents/FacebookSDK";
				INFOPLIST_FILE = "On the Map/Info.plist";
				LD_RUNPATH_SEARCH_PATHS = "$(inherited) @executable_path/Frameworks";
				PRODUCT_BUNDLE_IDENTIFIER = "com.sergeykravtsov.On-the-Map";
				PRODUCT_NAME = "$(TARGET_NAME)";
				SWIFT_DISABLE_SAFETY_CHECKS = NO;
				SWIFT_OBJC_BRIDGING_HEADER = "$(PROJECT_DIR)/$(PROJECT_NAME)/Bridging-Header.h";
				SWIFT_VERSION = 3.0;
			};
			name = Release;
		};
/* End XCBuildConfiguration section */

/* Begin XCConfigurationList section */
		A18557DF1DC7899D004A8C02 /* Build configuration list for PBXProject "On the Map" */ = {
			isa = XCConfigurationList;
			buildConfigurations = (
				A18557F41DC7899D004A8C02 /* Debug */,
				A18557F51DC7899D004A8C02 /* Release */,
			);
			defaultConfigurationIsVisible = 0;
			defaultConfigurationName = Release;
		};
		A18557F61DC7899D004A8C02 /* Build configuration list for PBXNativeTarget "On the Map" */ = {
			isa = XCConfigurationList;
			buildConfigurations = (
				A18557F71DC7899D004A8C02 /* Debug */,
				A18557F81DC7899D004A8C02 /* Release */,
			);
			defaultConfigurationIsVisible = 0;
			defaultConfigurationName = Release;
		};
/* End XCConfigurationList section */
	};
	rootObject = A18557DC1DC7899D004A8C02 /* Project object */;
}
