// !$*UTF8*$!
{
	archiveVersion = 1;
	classes = {
	};
	objectVersion = 46;
	objects = {

/* Begin PBXBuildFile section */
		82228D701DC7E26D00F64F54 /* LoginViewController.swift in Sources */ = {isa = PBXBuildFile; fileRef = 82228D6F1DC7E26D00F64F54 /* LoginViewController.swift */; };
		A18557E81DC7899D004A8C02 /* AppDelegate.swift in Sources */ = {isa = PBXBuildFile; fileRef = A18557E71DC7899D004A8C02 /* AppDelegate.swift */; };
		A18557EA1DC7899D004A8C02 /* ViewController.swift in Sources */ = {isa = PBXBuildFile; fileRef = A18557E91DC7899D004A8C02 /* ViewController.swift */; };
		A18557ED1DC7899D004A8C02 /* Main.storyboard in Resources */ = {isa = PBXBuildFile; fileRef = A18557EB1DC7899D004A8C02 /* Main.storyboard */; };
		A18557EF1DC7899D004A8C02 /* Assets.xcassets in Resources */ = {isa = PBXBuildFile; fileRef = A18557EE1DC7899D004A8C02 /* Assets.xcassets */; };
		A18557F21DC7899D004A8C02 /* LaunchScreen.storyboard in Resources */ = {isa = PBXBuildFile; fileRef = A18557F01DC7899D004A8C02 /* LaunchScreen.storyboard */; };
/* End PBXBuildFile section */

/* Begin PBXFileReference section */
		82228D6F1DC7E26D00F64F54 /* LoginViewController.swift */ = {isa = PBXFileReference; fileEncoding = 4; lastKnownFileType = sourcecode.swift; path = LoginViewController.swift; sourceTree = "<group>"; };
		A18557E41DC7899D004A8C02 /* On the Map.app */ = {isa = PBXFileReference; explicitFileType = wrapper.application; includeInIndex = 0; path = "On the Map.app"; sourceTree = BUILT_PRODUCTS_DIR; };
		A18557E71DC7899D004A8C02 /* AppDelegate.swift */ = {isa = PBXFileReference; lastKnownFileType = sourcecode.swift; path = AppDelegate.swift; sourceTree = "<group>"; };
		A18557E91DC7899D004A8C02 /* ViewController.swift */ = {isa = PBXFileReference; lastKnownFileType = sourcecode.swift; path = ViewController.swift; sourceTree = "<group>"; };
		A18557EC1DC7899D004A8C02 /* Base */ = {isa = PBXFileReference; lastKnownFileType = file.storyboard; name = Base; path = Base.lproj/Main.storyboard; sourceTree = "<group>"; };
		A18557EE1DC7899D004A8C02 /* Assets.xcassets */ = {isa = PBXFileReference; lastKnownFileType = folder.assetcatalog; path = Assets.xcassets; sourceTree = "<group>"; };
		A18557F11DC7899D004A8C02 /* Base */ = {isa = PBXFileReference; lastKnownFileType = file.storyboard; name = Base; path = Base.lproj/LaunchScreen.storyboard; sourceTree = "<group>"; };
		A18557F31DC7899D004A8C02 /* Info.plist */ = {isa = PBXFileReference; lastKnownFileType = text.plist.xml; path = Info.plist; sourceTree = "<group>"; };
/* End PBXFileReference section */

/* Begin PBXFrameworksBuildPhase section */
		A18557E11DC7899D004A8C02 /* Frameworks */ = {
			isa = PBXFrameworksBuildPhase;
			buildActionMask = 2147483647;
			files = (
			);
			runOnlyForDeploymentPostprocessing = 0;
		};
/* End PBXFrameworksBuildPhase section */

/* Begin PBXGroup section */
		A18557DB1DC7899D004A8C02 = {
			isa = PBXGroup;
			children = (
				A18557E61DC7899D004A8C02 /* On the Map */,
				A18557E51DC7899D004A8C02 /* Products */,
			);
			sourceTree = "<group>";
		};
		A18557E51DC7899D004A8C02 /* Products */ = {
			isa = PBXGroup;
			children = (
				A18557E41DC7899D004A8C02 /* On the Map.app */,
			);
			name = Products;
			sourceTree = "<group>";
		};
		A18557E61DC7899D004A8C02 /* On the Map */ = {
			isa = PBXGroup;
			children = (
				82228D6F1DC7E26D00F64F54 /* LoginViewController.swift */,
				A18557E71DC7899D004A8C02 /* AppDelegate.swift */,
				A18557E91DC7899D004A8C02 /* ViewController.swift */,
				A18557EB1DC7899D004A8C02 /* Main.storyboard */,
				A18557EE1DC7899D004A8C02 /* Assets.xcassets */,
				A18557F01DC7899D004A8C02 /* LaunchScreen.storyboard */,
				A18557F31DC7899D004A8C02 /* Info.plist */,
			);
			path = "On the Map";
			sourceTree = "<group>";
		};
/* End PBXGroup section */

/* Begin PBXNativeTarget section */
		A18557E31DC7899D004A8C02 /* On the Map */ = {
			isa = PBXNativeTarget;
			buildConfigurationList = A18557F61DC7899D004A8C02 /* Build configuration list for PBXNativeTarget "On the Map" */;
			buildPhases = (
				A18557E01DC7899D004A8C02 /* Sources */,
				A18557E11DC7899D004A8C02 /* Frameworks */,
				A18557E21DC7899D004A8C02 /* Resources */,
			);
			buildRules = (
			);
			dependencies = (
			);
			name = "On the Map";
			productName = "On the Map";
			productReference = A18557E41DC7899D004A8C02 /* On the Map.app */;
			productType = "com.apple.product-type.application";
		};
/* End PBXNativeTarget section */

/* Begin PBXProject section */
		A18557DC1DC7899D004A8C02 /* Project object */ = {
			isa = PBXProject;
			attributes = {
				LastSwiftUpdateCheck = 0800;
				LastUpgradeCheck = 0800;
				ORGANIZATIONNAME = "Sergey Kravtsov";
				TargetAttributes = {
					A18557E31DC7899D004A8C02 = {
						CreatedOnToolsVersion = 8.0;
						DevelopmentTeam = 9QTU947L2N;
						ProvisioningStyle = Automatic;
					};
				};
			};
			buildConfigurationList = A18557DF1DC7899D004A8C02 /* Build configuration list for PBXProject "On the Map" */;
			compatibilityVersion = "Xcode 3.2";
			developmentRegion = English;
			hasScannedForEncodings = 0;
			knownRegions = (
				en,
				Base,
			);
			mainGroup = A18557DB1DC7899D004A8C02;
			productRefGroup = A18557E51DC7899D004A8C02 /* Products */;
			projectDirPath = "";
			projectRoot = "";
			targets = (
				A18557E31DC7899D004A8C02 /* On the Map */,
			);
		};
/* End PBXProject section */

/* Begin PBXResourcesBuildPhase section */
		A18557E21DC7899D004A8C02 /* Resources */ = {
			isa = PBXResourcesBuildPhase;
			buildActionMask = 2147483647;
			files = (
				A18557F21DC7899D004A8C02 /* LaunchScreen.storyboard in Resources */,
				A18557EF1DC7899D004A8C02 /* Assets.xcassets in Resources */,
				A18557ED1DC7899D004A8C02 /* Main.storyboard in Resources */,
			);
			runOnlyForDeploymentPostprocessing = 0;
		};
/* End PBXResourcesBuildPhase section */

/* Begin PBXSourcesBuildPhase section */
		A18557E01DC7899D004A8C02 /* Sources */ = {
			isa = PBXSourcesBuildPhase;
			buildActionMask = 2147483647;
			files = (
				82228D701DC7E26D00F64F54 /* LoginViewController.swift in Sources */,
				A18557EA1DC7899D004A8C02 /* ViewController.swift in Sources */,
				A18557E81DC7899D004A8C02 /* AppDelegate.swift in Sources */,
			);
			runOnlyForDeploymentPostprocessing = 0;
		};
/* End PBXSourcesBuildPhase section */

/* Begin PBXVariantGroup section */
		A18557EB1DC7899D004A8C02 /* Main.storyboard */ = {
			isa = PBXVariantGroup;
			children = (
				A18557EC1DC7899D004A8C02 /* Base */,
			);
			name = Main.storyboard;
			sourceTree = "<group>";
		};
		A18557F01DC7899D004A8C02 /* LaunchScreen.storyboard */ = {
			isa = PBXVariantGroup;
			children = (
				A18557F11DC7899D004A8C02 /* Base */,
			);
			name = LaunchScreen.storyboard;
			sourceTree = "<group>";
		};
/* End PBXVariantGroup section */

/* Begin XCBuildConfiguration section */
		A18557F41DC7899D004A8C02 /* Debug */ = {
			isa = XCBuildConfiguration;
			buildSettings = {
				ALWAYS_SEARCH_USER_PATHS = NO;
				CLANG_ANALYZER_NONNULL = YES;
				CLANG_CXX_LANGUAGE_STANDARD = "gnu++0x";
				CLANG_CXX_LIBRARY = "libc++";
				CLANG_ENABLE_MODULES = YES;
				CLANG_ENABLE_OBJC_ARC = YES;
				CLANG_WARN_BOOL_CONVERSION = YES;
				CLANG_WARN_CONSTANT_CONVERSION = YES;
				CLANG_WARN_DIRECT_OBJC_ISA_USAGE = YES_ERROR;
				CLANG_WARN_DOCUMENTATION_COMMENTS = YES;
				CLANG_WARN_EMPTY_BODY = YES;
				CLANG_WARN_ENUM_CONVERSION = YES;
				CLANG_WARN_INFINITE_RECURSION = YES;
				CLANG_WARN_INT_CONVERSION = YES;
				CLANG_WARN_OBJC_ROOT_CLASS = YES_ERROR;
				CLANG_WARN_SUSPICIOUS_MOVES = YES;
				CLANG_WARN_UNREACHABLE_CODE = YES;
				CLANG_WARN__DUPLICATE_METHOD_MATCH = YES;
				"CODE_SIGN_IDENTITY[sdk=iphoneos*]" = "iPhone Developer";
				COPY_PHASE_STRIP = NO;
				DEBUG_INFORMATION_FORMAT = dwarf;
				ENABLE_STRICT_OBJC_MSGSEND = YES;
				ENABLE_TESTABILITY = YES;
				GCC_C_LANGUAGE_STANDARD = gnu99;
				GCC_DYNAMIC_NO_PIC = NO;
				GCC_NO_COMMON_BLOCKS = YES;
				GCC_OPTIMIZATION_LEVEL = 0;
				GCC_PREPROCESSOR_DEFINITIONS = (
					"DEBUG=1",
					"$(inherited)",
				);
				GCC_WARN_64_TO_32_BIT_CONVERSION = YES;
				GCC_WARN_ABOUT_RETURN_TYPE = YES_ERROR;
				GCC_WARN_UNDECLARED_SELECTOR = YES;
				GCC_WARN_UNINITIALIZED_AUTOS = YES_AGGRESSIVE;
				GCC_WARN_UNUSED_FUNCTION = YES;
				GCC_WARN_UNUSED_VARIABLE = YES;
				IPHONEOS_DEPLOYMENT_TARGET = 10.0;
				MTL_ENABLE_DEBUG_INFO = YES;
				ONLY_ACTIVE_ARCH = YES;
				SDKROOT = iphoneos;
				SWIFT_ACTIVE_COMPILATION_CONDITIONS = DEBUG;
				SWIFT_OPTIMIZATION_LEVEL = "-Onone";
			};
			name = Debug;
		};
		A18557F51DC7899D004A8C02 /* Release */ = {
			isa = XCBuildConfiguration;
			buildSettings = {
				ALWAYS_SEARCH_USER_PATHS = NO;
				CLANG_ANALYZER_NONNULL = YES;
				CLANG_CXX_LANGUAGE_STANDARD = "gnu++0x";
				CLANG_CXX_LIBRARY = "libc++";
				CLANG_ENABLE_MODULES = YES;
				CLANG_ENABLE_OBJC_ARC = YES;
				CLANG_WARN_BOOL_CONVERSION = YES;
				CLANG_WARN_CONSTANT_CONVERSION = YES;
				CLANG_WARN_DIRECT_OBJC_ISA_USAGE = YES_ERROR;
				CLANG_WARN_DOCUMENTATION_COMMENTS = YES;
				CLANG_WARN_EMPTY_BODY = YES;
				CLANG_WARN_ENUM_CONVERSION = YES;
				CLANG_WARN_INFINITE_RECURSION = YES;
				CLANG_WARN_INT_CONVERSION = YES;
				CLANG_WARN_OBJC_ROOT_CLASS = YES_ERROR;
				CLANG_WARN_SUSPICIOUS_MOVES = YES;
				CLANG_WARN_UNREACHABLE_CODE = YES;
				CLANG_WARN__DUPLICATE_METHOD_MATCH = YES;
				"CODE_SIGN_IDENTITY[sdk=iphoneos*]" = "iPhone Developer";
				COPY_PHASE_STRIP = NO;
				DEBUG_INFORMATION_FORMAT = "dwarf-with-dsym";
				ENABLE_NS_ASSERTIONS = NO;
				ENABLE_STRICT_OBJC_MSGSEND = YES;
				GCC_C_LANGUAGE_STANDARD = gnu99;
				GCC_NO_COMMON_BLOCKS = YES;
				GCC_WARN_64_TO_32_BIT_CONVERSION = YES;
				GCC_WARN_ABOUT_RETURN_TYPE = YES_ERROR;
				GCC_WARN_UNDECLARED_SELECTOR = YES;
				GCC_WARN_UNINITIALIZED_AUTOS = YES_AGGRESSIVE;
				GCC_WARN_UNUSED_FUNCTION = YES;
				GCC_WARN_UNUSED_VARIABLE = YES;
				IPHONEOS_DEPLOYMENT_TARGET = 10.0;
				MTL_ENABLE_DEBUG_INFO = NO;
				SDKROOT = iphoneos;
				SWIFT_OPTIMIZATION_LEVEL = "-Owholemodule";
				VALIDATE_PRODUCT = YES;
			};
			name = Release;
		};
		A18557F71DC7899D004A8C02 /* Debug */ = {
			isa = XCBuildConfiguration;
			buildSettings = {
				ASSETCATALOG_COMPILER_APPICON_NAME = AppIcon;
				"CODE_SIGN_IDENTITY[sdk=iphoneos*]" = "iPhone Developer";
				DEVELOPMENT_TEAM = 9QTU947L2N;
				INFOPLIST_FILE = "On the Map/Info.plist";
				LD_RUNPATH_SEARCH_PATHS = "$(inherited) @executable_path/Frameworks";
				PRODUCT_BUNDLE_IDENTIFIER = "com.sergeykravtsov.On-the-Map";
				PRODUCT_NAME = "$(TARGET_NAME)";
				SWIFT_VERSION = 3.0;
			};
			name = Debug;
		};
		A18557F81DC7899D004A8C02 /* Release */ = {
			isa = XCBuildConfiguration;
			buildSettings = {
				ASSETCATALOG_COMPILER_APPICON_NAME = AppIcon;
				"CODE_SIGN_IDENTITY[sdk=iphoneos*]" = "iPhone Developer";
				DEVELOPMENT_TEAM = 9QTU947L2N;
				INFOPLIST_FILE = "On the Map/Info.plist";
				LD_RUNPATH_SEARCH_PATHS = "$(inherited) @executable_path/Frameworks";
				PRODUCT_BUNDLE_IDENTIFIER = "com.sergeykravtsov.On-the-Map";
				PRODUCT_NAME = "$(TARGET_NAME)";
				SWIFT_VERSION = 3.0;
			};
			name = Release;
		};
/* End XCBuildConfiguration section */

/* Begin XCConfigurationList section */
		A18557DF1DC7899D004A8C02 /* Build configuration list for PBXProject "On the Map" */ = {
			isa = XCConfigurationList;
			buildConfigurations = (
				A18557F41DC7899D004A8C02 /* Debug */,
				A18557F51DC7899D004A8C02 /* Release */,
			);
			defaultConfigurationIsVisible = 0;
			defaultConfigurationName = Release;
		};
		A18557F61DC7899D004A8C02 /* Build configuration list for PBXNativeTarget "On the Map" */ = {
			isa = XCConfigurationList;
			buildConfigurations = (
				A18557F71DC7899D004A8C02 /* Debug */,
				A18557F81DC7899D004A8C02 /* Release */,
			);
			defaultConfigurationIsVisible = 0;
			defaultConfigurationName = Release;
		};
/* End XCConfigurationList section */
	};
	rootObject = A18557DC1DC7899D004A8C02 /* Project object */;
}
